%{"cowboy": {:hex, :cowboy, "1.0.2"},
  "cowlib": {:hex, :cowlib, "1.0.1"},
  "exactor": {:hex, :exactor, "2.1.2"},
  "excoveralls": {:hex, :excoveralls, "0.3.6"},
  "exjsx": {:hex, :exjsx, "3.2.0"},
  "exvcr": {:hex, :exvcr, "0.5.0"},
  "hackney": {:hex, :hackney, "1.3.1"},
  "httpoison": {:hex, :httpoison, "0.7.2"},
  "idna": {:hex, :idna, "1.0.2"},
  "jsx": {:hex, :jsx, "2.6.2"},
  "meck": {:hex, :meck, "0.8.3"},
  "plug": {:hex, :plug, "0.14.0"},
  "ranch": {:hex, :ranch, "1.1.0"},
  "ssl_verify_hostname": {:hex, :ssl_verify_hostname, "1.0.5"},
  "timex": {:hex, :timex, "0.13.2"}}
